{
  "originHash" : "a997feb37893eb03b4e5a7c6be30c267268d31e3e8d950b870fdf92742f4f2ff",
  "pins" : [
    {
      "identity" : "capacitor-swift-pm",
      "kind" : "remoteSourceControl",
      "location" : "https://github.com/ionic-team/capacitor-swift-pm.git",
      "state" : {
        "revision" : "4c7f346d16196e21fbe23d4a7a6fc7af62af6742",
        "version" : "8.5.3"
      }
    }
  ],
  "version" : 3
}
